name: Synchronise package lock

on:
  push:
    branches:
      - claude/code-to-github-zn0nab

permissions:
  contents: write

jobs:
  sync-lock:
    if: github.actor != 'github-actions[bot]'
    runs-on: ubuntu-latest
    steps:
      - name: Check out branch
        uses: actions/checkout@v4
        with:
          ref: ${{ github.ref_name }}

      - name: Set up Node.js
        uses: actions/setup-node@v4
        with:
          node-version: 22

      - name: Refresh package-lock metadata
        run: npm install --package-lock-only --ignore-scripts

      - name: Commit package lock
        shell: bash
        run: |
          if git diff --quiet -- package-lock.json; then
            echo "Package lock already current."
            exit 0
          fi
          git config user.name "github-actions[bot]"
          git config user.email "41898282+github-actions[bot]@users.noreply.github.com"
          git add package-lock.json
          git commit -m "Refresh package lock for Node 22"
          git push origin "HEAD:${GITHUB_REF_NAME}"
